{
  "lockfileVersion": 1,
  "configVersion": 1,
  "workspaces": {
    "": {
      "name": "agenthq",
      "dependencies": {
        "@openrouter/agent": "latest",
        "dotenv": "^17.4.2",
        "zod": "latest",
      },
      "devDependencies": {
        "@types/bun": "latest",
        "fast-check": "^4.9.0",
        "typescript": "latest",
      },
    },
  },
  "packages": {
    "@openrouter/agent": ["@openrouter/agent@0.7.2", "", { "dependencies": { "@openrouter/sdk": "^0.13.7", "zod": "^4.0.0" } }, "sha512-G3Rp4iPKP7RQSJ+k7ea2+fDOJXUhsZNmiKoz8Ddlo7fY9KDdNiP4xKA0IA/9Y27FJjb2kagHvP9Dw2ycEwlzmA=="],

    "@openrouter/sdk": ["@openrouter/sdk@0.13.21", "", { "dependencies": { "zod": "^3.25.0 || ^4.0.0" } }, "sha512-kxr2hS5vViUFreQidnqVJni/StEJBnps6xPhW7Bvbjul99gt6CpJHJDQsW8BZzShESQsplES1Re7XIFoj9t8mw=="],

    "@types/bun": ["@types/bun@1.3.14", "", { "dependencies": { "bun-types": "1.3.14" } }, "sha512-h1hFqFVcvAvD9j9K7ZW7vd82aSA+rTdznZa+5bwvCwqSB1jmmfLcbIWhOLx1/+boy/xmjgCs/OMUL8hRJSmnPw=="],

    "@types/node": ["@types/node@26.1.0", "", { "dependencies": { "undici-types": "~8.3.0" } }, "sha512-O0A1G3xPGy4w7AgQdAQYUlQ+BKk2Oovw8eRpofyp5KdBZULnbe+WqaOVNrm705SHphCiG4XHsACrSmPu1f+Kgw=="],

    "bun-types": ["bun-types@1.3.14", "", { "dependencies": { "@types/node": "*" } }, "sha512-4N0ig0fEomHt5R0KCFWjovxow98rIoRwKolrYdCcknNwMekCXRnWEUvgu5soYV8QXtVsrUD8B95MBOZGPvr6KQ=="],

    "dotenv": ["dotenv@17.4.2", "", {}, "sha512-nI4U3TottKAcAD9LLud4Cb7b2QztQMUEfHbvhTH09bqXTxnSie8WnjPALV/WMCrJZ6UV/qHJ6L03OqO3LcdYZw=="],

    "fast-check": ["fast-check@4.9.0", "", { "dependencies": { "pure-rand": "^8.0.0" } }, "sha512-7ms6T7SybUev/PQITciI0yLM2pOSFy5zpG8Ty7tQofcVaQUvrMXp6CBwqF6fThLCLOrfBtuHAtwq6Yu4XPCllg=="],

    "pure-rand": ["pure-rand@8.4.1", "", {}, "sha512-c58R2+SPFcSIPXoU834QN/KPDDOSd8sXcSrqf6e83Me6Rrp1EYkxukkjXMVrKvKaADs1SOyNkWdfvLf6zY8qLQ=="],

    "typescript": ["typescript@6.0.3", "", { "bin": { "tsc": "bin/tsc", "tsserver": "bin/tsserver" } }, "sha512-y2TvuxSZPDyQakkFRPZHKFm+KKVqIisdg9/CZwm9ftvKXLP8NRWj38/ODjNbr43SsoXqNuAisEf1GdCxqWcdBw=="],

    "undici-types": ["undici-types@8.3.0", "", {}, "sha512-j375ScV60dom+YkPFIfTLcOiPxkN/buHz5GobjLhixFuANaNs3C9l4GmrWqejgXWJ7BbJcFYpTEUkS1Ge8bpZQ=="],

    "zod": ["zod@4.4.3", "", {}, "sha512-ytENFjIJFl2UwYglde2jchW2Hwm4GJFLDiSXWdTrJQBIN9Fcyp7n4DhxJEiWNAJMV1/BqWfW/kkg71UDcHJyTQ=="],
  }
}
